// !$*UTF8*$!
{
	archiveVersion = 1;
	classes = {
	};
	objectVersion = 46;
	objects = {

/* Begin PBXBuildFile section */
		DAAD2425215D32060059C3FF /* AppDelegate.swift in Sources */ = {isa = PBXBuildFile; fileRef = DAAD2424215D32060059C3FF /* AppDelegate.swift */; };
		DAAD2427215D32060059C3FF /* TodoListViewController.swift in Sources */ = {isa = PBXBuildFile; fileRef = DAAD2426215D32060059C3FF /* TodoListViewController.swift */; };
		DAAD242A215D32060059C3FF /* Main.storyboard in Resources */ = {isa = PBXBuildFile; fileRef = DAAD2428215D32060059C3FF /* Main.storyboard */; };
		DAAD242C215D32060059C3FF /* Assets.xcassets in Resources */ = {isa = PBXBuildFile; fileRef = DAAD242B215D32060059C3FF /* Assets.xcassets */; };
		DAAD242F215D32060059C3FF /* LaunchScreen.storyboard in Resources */ = {isa = PBXBuildFile; fileRef = DAAD242D215D32060059C3FF /* LaunchScreen.storyboard */; };
/* End PBXBuildFile section */

/* Begin PBXFileReference section */
		DAAD2421215D32060059C3FF /* TodoWithCoreData.app */ = {isa = PBXFileReference; explicitFileType = wrapper.application; includeInIndex = 0; path = TodoWithCoreData.app; sourceTree = BUILT_PRODUCTS_DIR; };
		DAAD2424215D32060059C3FF /* AppDelegate.swift */ = {isa = PBXFileReference; lastKnownFileType = sourcecode.swift; path = AppDelegate.swift; sourceTree = "<group>"; };
		DAAD2426215D32060059C3FF /* TodoListViewController.swift */ = {isa = PBXFileReference; lastKnownFileType = sourcecode.swift; path = TodoListViewController.swift; sourceTree = "<group>"; };
		DAAD2429215D32060059C3FF /* Base */ = {isa = PBXFileReference; lastKnownFileType = file.storyboard; name = Base; path = Base.lproj/Main.storyboard; sourceTree = "<group>"; };
		DAAD242B215D32060059C3FF /* Assets.xcassets */ = {isa = PBXFileReference; lastKnownFileType = folder.assetcatalog; path = Assets.xcassets; sourceTree = "<group>"; };
		DAAD242E215D32060059C3FF /* Base */ = {isa = PBXFileReference; lastKnownFileType = file.storyboard; name = Base; path = Base.lproj/LaunchScreen.storyboard; sourceTree = "<group>"; };
		DAAD2430215D32060059C3FF /* Info.plist */ = {isa = PBXFileReference; lastKnownFileType = text.plist.xml; path = Info.plist; sourceTree = "<group>"; };
/* End PBXFileReference section */

/* Begin PBXFrameworksBuildPhase section */
		DAAD241E215D32060059C3FF /* Frameworks */ = {
			isa = PBXFrameworksBuildPhase;
			buildActionMask = 2147483647;
			files = (
			);
			runOnlyForDeploymentPostprocessing = 0;
		};
/* End PBXFrameworksBuildPhase section */

/* Begin PBXGroup section */
		DAAD2418215D32060059C3FF = {
			isa = PBXGroup;
			children = (
				DAAD2423215D32060059C3FF /* TodoWithCoreData */,
				DAAD2422215D32060059C3FF /* Products */,
			);
			sourceTree = "<group>";
		};
		DAAD2422215D32060059C3FF /* Products */ = {
			isa = PBXGroup;
			children = (
				DAAD2421215D32060059C3FF /* TodoWithCoreData.app */,
			);
			name = Products;
			sourceTree = "<group>";
		};
		DAAD2423215D32060059C3FF /* TodoWithCoreData */ = {
			isa = PBXGroup;
			children = (
				DAAD2424215D32060059C3FF /* AppDelegate.swift */,
				DAAD2426215D32060059C3FF /* TodoListViewController.swift */,
				DAAD2428215D32060059C3FF /* Main.storyboard */,
				DAAD242B215D32060059C3FF /* Assets.xcassets */,
				DAAD242D215D32060059C3FF /* LaunchScreen.storyboard */,
				DAAD2430215D32060059C3FF /* Info.plist */,
			);
			path = TodoWithCoreData;
			sourceTree = "<group>";
		};
/* End PBXGroup section */

/* Begin PBXNativeTarget section */
		DAAD2420215D32060059C3FF /* TodoWithCoreData */ = {
			isa = PBXNativeTarget;
			buildConfigurationList = DAAD2433215D32060059C3FF /* Build configuration list for PBXNativeTarget "TodoWithCoreData" */;
			buildPhases = (
				DAAD241D215D32060059C3FF /* Sources */,
				DAAD241E215D32060059C3FF /* Frameworks */,
				DAAD241F215D32060059C3FF /* Resources */,
			);
			buildRules = (
			);
			dependencies = (
			);
			name = TodoWithCoreData;
			productName = TodoWithCoreData;
			productReference = DAAD2421215D32060059C3FF /* TodoWithCoreData.app */;
			productType = "com.apple.product-type.application";
		};
/* End PBXNativeTarget section */

/* Begin PBXProject section */
		DAAD2419215D32060059C3FF /* Project object */ = {
			isa = PBXProject;
			attributes = {
				LastSwiftUpdateCheck = 0820;
				LastUpgradeCheck = 0820;
				ORGANIZATIONNAME = abdulahad;
				TargetAttributes = {
					DAAD2420215D32060059C3FF = {
						CreatedOnToolsVersion = 8.2.1;
						ProvisioningStyle = Automatic;
					};
				};
			};
			buildConfigurationList = DAAD241C215D32060059C3FF /* Build configuration list for PBXProject "TodoWithCoreData" */;
			compatibilityVersion = "Xcode 3.2";
			developmentRegion = English;
			hasScannedForEncodings = 0;
			knownRegions = (
				en,
				Base,
			);
			mainGroup = DAAD2418215D32060059C3FF;
			productRefGroup = DAAD2422215D32060059C3FF /* Products */;
			projectDirPath = "";
			projectRoot = "";
			targets = (
				DAAD2420215D32060059C3FF /* TodoWithCoreData */,
			);
		};
/* End PBXProject section */

/* Begin PBXResourcesBuildPhase section */
		DAAD241F215D32060059C3FF /* Resources */ = {
			isa = PBXResourcesBuildPhase;
			buildActionMask = 2147483647;
			files = (
				DAAD242F215D32060059C3FF /* LaunchScreen.storyboard in Resources */,
				DAAD242C215D32060059C3FF /* Assets.xcassets in Resources */,
				DAAD242A215D32060059C3FF /* Main.storyboard in Resources */,
			);
			runOnlyForDeploymentPostprocessing = 0;
		};
/* End PBXResourcesBuildPhase section */

/* Begin PBXSourcesBuildPhase section */
		DAAD241D215D32060059C3FF /* Sources */ = {
			isa = PBXSourcesBuildPhase;
			buildActionMask = 2147483647;
			files = (
				DAAD2427215D32060059C3FF /* TodoListViewController.swift in Sources */,
				DAAD2425215D32060059C3FF /* AppDelegate.swift in Sources */,
			);
			runOnlyForDeploymentPostprocessing = 0;
		};
/* End PBXSourcesBuildPhase section */

/* Begin PBXVariantGroup section */
		DAAD2428215D32060059C3FF /* Main.storyboard */ = {
			isa = PBXVariantGroup;
			children = (
				DAAD2429215D32060059C3FF /* Base */,
			);
			name = Main.storyboard;
			sourceTree = "<group>";
		};
		DAAD242D215D32060059C3FF /* LaunchScreen.storyboard */ = {
			isa = PBXVariantGroup;
			children = (
				DAAD242E215D32060059C3FF /* Base */,
			);
			name = LaunchScreen.storyboard;
			sourceTree = "<group>";
		};
/* End PBXVariantGroup section */

/* Begin XCBuildConfiguration section */
		DAAD2431215D32060059C3FF /* Debug */ = {
			isa = XCBuildConfiguration;
			buildSettings = {
				ALWAYS_SEARCH_USER_PATHS = NO;
				CLANG_ANALYZER_NONNULL = YES;
				CLANG_CXX_LANGUAGE_STANDARD = "gnu++0x";
				CLANG_CXX_LIBRARY = "libc++";
				CLANG_ENABLE_MODULES = YES;
				CLANG_ENABLE_OBJC_ARC = YES;
				CLANG_WARN_BOOL_CONVERSION = YES;
				CLANG_WARN_CONSTANT_CONVERSION = YES;
				CLANG_WARN_DIRECT_OBJC_ISA_USAGE = YES_ERROR;
				CLANG_WARN_DOCUMENTATION_COMMENTS = YES;
				CLANG_WARN_EMPTY_BODY = YES;
				CLANG_WARN_ENUM_CONVERSION = YES;
				CLANG_WARN_INFINITE_RECURSION = YES;
				CLANG_WARN_INT_CONVERSION = YES;
				CLANG_WARN_OBJC_ROOT_CLASS = YES_ERROR;
				CLANG_WARN_SUSPICIOUS_MOVE = YES;
				CLANG_WARN_UNREACHABLE_CODE = YES;
				CLANG_WARN__DUPLICATE_METHOD_MATCH = YES;
				"CODE_SIGN_IDENTITY[sdk=iphoneos*]" = "iPhone Developer";
				COPY_PHASE_STRIP = NO;
				DEBUG_INFORMATION_FORMAT = dwarf;
				ENABLE_STRICT_OBJC_MSGSEND = YES;
				ENABLE_TESTABILITY = YES;
				GCC_C_LANGUAGE_STANDARD = gnu99;
				GCC_DYNAMIC_NO_PIC = NO;
				GCC_NO_COMMON_BLOCKS = YES;
				GCC_OPTIMIZATION_LEVEL = 0;
				GCC_PREPROCESSOR_DEFINITIONS = (
					"DEBUG=1",
					"$(inherited)",
				);
				GCC_WARN_64_TO_32_BIT_CONVERSION = YES;
				GCC_WARN_ABOUT_RETURN_TYPE = YES_ERROR;
				GCC_WARN_UNDECLARED_SELECTOR = YES;
				GCC_WARN_UNINITIALIZED_AUTOS = YES_AGGRESSIVE;
				GCC_WARN_UNUSED_FUNCTION = YES;
				GCC_WARN_UNUSED_VARIABLE = YES;
				IPHONEOS_DEPLOYMENT_TARGET = 10.2;
				MTL_ENABLE_DEBUG_INFO = YES;
				ONLY_ACTIVE_ARCH = YES;
				SDKROOT = iphoneos;
				SWIFT_ACTIVE_COMPILATION_CONDITIONS = DEBUG;
				SWIFT_OPTIMIZATION_LEVEL = "-Onone";
				TARGETED_DEVICE_FAMILY = "1,2";
			};
			name = Debug;
		};
		DAAD2432215D32060059C3FF /* Release */ = {
			isa = XCBuildConfiguration;
			buildSettings = {
				ALWAYS_SEARCH_USER_PATHS = NO;
				CLANG_ANALYZER_NONNULL = YES;
				CLANG_CXX_LANGUAGE_STANDARD = "gnu++0x";
				CLANG_CXX_LIBRARY = "libc++";
				CLANG_ENABLE_MODULES = YES;
				CLANG_ENABLE_OBJC_ARC = YES;
				CLANG_WARN_BOOL_CONVERSION = YES;
				CLANG_WARN_CONSTANT_CONVERSION = YES;
				CLANG_WARN_DIRECT_OBJC_ISA_USAGE = YES_ERROR;
				CLANG_WARN_DOCUMENTATION_COMMENTS = YES;
				CLANG_WARN_EMPTY_BODY = YES;
				CLANG_WARN_ENUM_CONVERSION = YES;
				CLANG_WARN_INFINITE_RECURSION = YES;
				CLANG_WARN_INT_CONVERSION = YES;
				CLANG_WARN_OBJC_ROOT_CLASS = YES_ERROR;
				CLANG_WARN_SUSPICIOUS_MOVE = YES;
				CLANG_WARN_UNREACHABLE_CODE = YES;
				CLANG_WARN__DUPLICATE_METHOD_MATCH = YES;
				"CODE_SIGN_IDENTITY[sdk=iphoneos*]" = "iPhone Developer";
				COPY_PHASE_STRIP = NO;
				DEBUG_INFORMATION_FORMAT = "dwarf-with-dsym";
				ENABLE_NS_ASSERTIONS = NO;
				ENABLE_STRICT_OBJC_MSGSEND = YES;
				GCC_C_LANGUAGE_STANDARD = gnu99;
				GCC_NO_COMMON_BLOCKS = YES;
				GCC_WARN_64_TO_32_BIT_CONVERSION = YES;
				GCC_WARN_ABOUT_RETURN_TYPE = YES_ERROR;
				GCC_WARN_UNDECLARED_SELECTOR = YES;
				GCC_WARN_UNINITIALIZED_AUTOS = YES_AGGRESSIVE;
				GCC_WARN_UNUSED_FUNCTION = YES;
				GCC_WARN_UNUSED_VARIABLE = YES;
				IPHONEOS_DEPLOYMENT_TARGET = 10.2;
				MTL_ENABLE_DEBUG_INFO = NO;
				SDKROOT = iphoneos;
				SWIFT_OPTIMIZATION_LEVEL = "-Owholemodule";
				TARGETED_DEVICE_FAMILY = "1,2";
				VALIDATE_PRODUCT = YES;
			};
			name = Release;
		};
		DAAD2434215D32060059C3FF /* Debug */ = {
			isa = XCBuildConfiguration;
			buildSettings = {
				ASSETCATALOG_COMPILER_APPICON_NAME = AppIcon;
				INFOPLIST_FILE = TodoWithCoreData/Info.plist;
				LD_RUNPATH_SEARCH_PATHS = "$(inherited) @executable_path/Frameworks";
				PRODUCT_BUNDLE_IDENTIFIER = abdulahad.TodoWithCoreData;
				PRODUCT_NAME = "$(TARGET_NAME)";
				SWIFT_VERSION = 3.0;
			};
			name = Debug;
		};
		DAAD2435215D32060059C3FF /* Release */ = {
			isa = XCBuildConfiguration;
			buildSettings = {
				ASSETCATALOG_COMPILER_APPICON_NAME = AppIcon;
				INFOPLIST_FILE = TodoWithCoreData/Info.plist;
				LD_RUNPATH_SEARCH_PATHS = "$(inherited) @executable_path/Frameworks";
				PRODUCT_BUNDLE_IDENTIFIER = abdulahad.TodoWithCoreData;
				PRODUCT_NAME = "$(TARGET_NAME)";
				SWIFT_VERSION = 3.0;
			};
			name = Release;
		};
/* End XCBuildConfiguration section */

/* Begin XCConfigurationList section */
		DAAD241C215D32060059C3FF /* Build configuration list for PBXProject "TodoWithCoreData" */ = {
			isa = XCConfigurationList;
			buildConfigurations = (
				DAAD2431215D32060059C3FF /* Debug */,
				DAAD2432215D32060059C3FF /* Release */,
			);
			defaultConfigurationIsVisible = 0;
			defaultConfigurationName = Release;
		};
		DAAD2433215D32060059C3FF /* Build configuration list for PBXNativeTarget "TodoWithCoreData" */ = {
			isa = XCConfigurationList;
			buildConfigurations = (
				DAAD2434215D32060059C3FF /* Debug */,
				DAAD2435215D32060059C3FF /* Release */,
			);
			defaultConfigurationIsVisible = 0;
		};
/* End XCConfigurationList section */
	};
	rootObject = DAAD2419215D32060059C3FF /* Project object */;
}
